
Microsoft Visual Studio Solution File, Format Version 12.00
# Visual Studio Version 17
VisualStudioVersion = 17.1.32210.238
MinimumVisualStudioVersion = 10.0.40219.1
Project("{FAE04EC0-301F-11D3-BF4B-00C04F79EFBC}") = "results-uploader", "results-uploader\results-uploader.csproj", "{B6EF7709-E439-487C-8249-370A018FD9F0}"
EndProject
Global
	GlobalSection(SolutionConfigurationPlatforms) = preSolution
		Debug|Any CPU = Debug|Any CPU
		Release|Any CPU = Release|Any CPU
	EndGlobalSection
	GlobalSection(ProjectConfigurationPlatforms) = postSolution
		{B6EF7709-E439-487C-8249-370A018FD9F0}.Debug|Any CPU.ActiveCfg = Debug|Any CPU
		{B6EF7709-E439-487C-8249-370A018FD9F0}.Debug|Any CPU.Build.0 = Debug|Any CPU
		{B6EF7709-E439-487C-8249-370A018FD9F0}.Release|Any CPU.ActiveCfg = Release|Any CPU
		{B6EF7709-E439-487C-8249-370A018FD9F0}.Release|Any CPU.Build.0 = Release|Any CPU
	EndGlobalSection
	GlobalSection(SolutionProperties) = preSolution
		HideSolutionNode = FALSE
	EndGlobalSection
	GlobalSection(ExtensibilityGlobals) = postSolution
		SolutionGuid = {4DB5C17E-D888-4148-B1D0-6E35D4452D22}
	EndGlobalSection
EndGlobal
